
Microsoft Visual Studio Solution File, Format Version 12.00
# Visual Studio Version 16
VisualStudioVersion = 16.0.32228.343
MinimumVisualStudioVersion = 10.0.40219.1
Project("{FAE04EC0-301F-11D3-BF4B-00C04F79EFBC}") = "АИС Автосалон New", "АИС Автосалон New.csproj", "{86FB99B3-A054-4327-A298-8869622C68C0}"
EndProject
Project("{FAE04EC0-301F-11D3-BF4B-00C04F79EFBC}") = "АИС Автосалон", "F:\source\repos\АИС Автосалон\АИС Автосалон.csproj", "{AA9308EC-3DD9-4638-BDC7-7A920AD759CF}"
EndProject
Global
	GlobalSection(SolutionConfigurationPlatforms) = preSolution
		Debug|Any CPU = Debug|Any CPU
		Debug|x64 = Debug|x64
		Release|Any CPU = Release|Any CPU
		Release|x64 = Release|x64
	EndGlobalSection
	GlobalSection(ProjectConfigurationPlatforms) = postSolution
		{86FB99B3-A054-4327-A298-8869622C68C0}.Debug|Any CPU.ActiveCfg = Debug|Any CPU
		{86FB99B3-A054-4327-A298-8869622C68C0}.Debug|Any CPU.Build.0 = Debug|Any CPU
		{86FB99B3-A054-4327-A298-8869622C68C0}.Debug|x64.ActiveCfg = Debug|Any CPU
		{86FB99B3-A054-4327-A298-8869622C68C0}.Debug|x64.Build.0 = Debug|Any CPU
		{86FB99B3-A054-4327-A298-8869622C68C0}.Release|Any CPU.ActiveCfg = Release|Any CPU
		{86FB99B3-A054-4327-A298-8869622C68C0}.Release|Any CPU.Build.0 = Release|Any CPU
		{86FB99B3-A054-4327-A298-8869622C68C0}.Release|x64.ActiveCfg = Release|Any CPU
		{86FB99B3-A054-4327-A298-8869622C68C0}.Release|x64.Build.0 = Release|Any CPU
		{AA9308EC-3DD9-4638-BDC7-7A920AD759CF}.Debug|Any CPU.ActiveCfg = Debug|Any CPU
		{AA9308EC-3DD9-4638-BDC7-7A920AD759CF}.Debug|Any CPU.Build.0 = Debug|Any CPU
		{AA9308EC-3DD9-4638-BDC7-7A920AD759CF}.Debug|x64.ActiveCfg = Debug|x64
		{AA9308EC-3DD9-4638-BDC7-7A920AD759CF}.Debug|x64.Build.0 = Debug|x64
		{AA9308EC-3DD9-4638-BDC7-7A920AD759CF}.Release|Any CPU.ActiveCfg = Release|Any CPU
		{AA9308EC-3DD9-4638-BDC7-7A920AD759CF}.Release|Any CPU.Build.0 = Release|Any CPU
		{AA9308EC-3DD9-4638-BDC7-7A920AD759CF}.Release|x64.ActiveCfg = Release|x64
		{AA9308EC-3DD9-4638-BDC7-7A920AD759CF}.Release|x64.Build.0 = Release|x64
	EndGlobalSection
	GlobalSection(SolutionProperties) = preSolution
		HideSolutionNode = FALSE
	EndGlobalSection
	GlobalSection(ExtensibilityGlobals) = postSolution
		SolutionGuid = {CF8A2D13-AB14-4633-A76F-210B2F9F9B40}
	EndGlobalSection
EndGlobal
